
Microsoft Visual Studio Solution File, Format Version 12.00
# Visual Studio Version 17
VisualStudioVersion = 17.1.32210.238
MinimumVisualStudioVersion = 10.0.40219.1
Project("{FAE04EC0-301F-11D3-BF4B-00C04F79EFBC}") = "BS.to Manager", "BS.to Manager\BS.to Manager.csproj", "{0E6DFAA6-6F0C-4F75-95C4-52FC4A4E8438}"
EndProject
Global
	GlobalSection(SolutionConfigurationPlatforms) = preSolution
		Debug|Any CPU = Debug|Any CPU
		Release|Any CPU = Release|Any CPU
	EndGlobalSection
	GlobalSection(ProjectConfigurationPlatforms) = postSolution
		{0E6DFAA6-6F0C-4F75-95C4-52FC4A4E8438}.Debug|Any CPU.ActiveCfg = Debug|Any CPU
		{0E6DFAA6-6F0C-4F75-95C4-52FC4A4E8438}.Debug|Any CPU.Build.0 = Debug|Any CPU
		{0E6DFAA6-6F0C-4F75-95C4-52FC4A4E8438}.Release|Any CPU.ActiveCfg = Release|Any CPU
		{0E6DFAA6-6F0C-4F75-95C4-52FC4A4E8438}.Release|Any CPU.Build.0 = Release|Any CPU
	EndGlobalSection
	GlobalSection(SolutionProperties) = preSolution
		HideSolutionNode = FALSE
	EndGlobalSection
	GlobalSection(ExtensibilityGlobals) = postSolution
		SolutionGuid = {719BD0EA-ED39-4645-A4F9-3899DE9A5A42}
	EndGlobalSection
EndGlobal
